// !$*UTF8*$!
{
	archiveVersion = 1;
	classes = {
	};
	objectVersion = 46;
	objects = {

/* Begin PBXBuildFile section */
		B41617F31AB3921F005E680A /* libicucore.dylib in Frameworks */ = {isa = PBXBuildFile; fileRef = B41617F21AB3921F005E680A /* libicucore.dylib */; };
		B41617F51AB39226005E680A /* libz.dylib in Frameworks */ = {isa = PBXBuildFile; fileRef = B41617F41AB39226005E680A /* libz.dylib */; };
		B41618121AB39695005E680A /* FileFilter.java in Sources */ = {isa = PBXBuildFile; fileRef = B416180A1AB39695005E680A /* FileFilter.java */; };
		B41618131AB39695005E680A /* FileLoaderCallbacks.java in Sources */ = {isa = PBXBuildFile; fileRef = B416180B1AB39695005E680A /* FileLoaderCallbacks.java */; };
		B41618141AB39695005E680A /* FileSystem.java in Sources */ = {isa = PBXBuildFile; fileRef = B416180C1AB39695005E680A /* FileSystem.java */; };
		B41618151AB39695005E680A /* FileSystemUtils.java in Sources */ = {isa = PBXBuildFile; fileRef = B416180D1AB39695005E680A /* FileSystemUtils.java */; };
		B41618161AB39695005E680A /* Java2ObjcExampleClass.java in Sources */ = {isa = PBXBuildFile; fileRef = B416180E1AB39695005E680A /* Java2ObjcExampleClass.java */; };
		B41618171AB39695005E680A /* LocalFile.java in Sources */ = {isa = PBXBuildFile; fileRef = B416180F1AB39695005E680A /* LocalFile.java */; };
		B41618181AB39695005E680A /* LocalFolder.java in Sources */ = {isa = PBXBuildFile; fileRef = B41618101AB39695005E680A /* LocalFolder.java */; };
		B41618191AB39695005E680A /* Thumbnail.java in Sources */ = {isa = PBXBuildFile; fileRef = B41618111AB39695005E680A /* Thumbnail.java */; };
		B430CEC91AB48026005EF159 /* j2objc-generated in Resources */ = {isa = PBXBuildFile; fileRef = B430CEC81AB48026005EF159 /* j2objc-generated */; };
		B45FAB641AA3605D00652AA6 /* main.m in Sources */ = {isa = PBXBuildFile; fileRef = B45FAB631AA3605D00652AA6 /* main.m */; };
		B45FAB671AA3605D00652AA6 /* AppDelegate.m in Sources */ = {isa = PBXBuildFile; fileRef = B45FAB661AA3605D00652AA6 /* AppDelegate.m */; };
		B45FAB6A1AA3605D00652AA6 /* MasterViewController.m in Sources */ = {isa = PBXBuildFile; fileRef = B45FAB691AA3605D00652AA6 /* MasterViewController.m */; };
		B45FAB6D1AA3605D00652AA6 /* DetailViewController.m in Sources */ = {isa = PBXBuildFile; fileRef = B45FAB6C1AA3605D00652AA6 /* DetailViewController.m */; };
		B45FAB701AA3605D00652AA6 /* Main.storyboard in Resources */ = {isa = PBXBuildFile; fileRef = B45FAB6E1AA3605D00652AA6 /* Main.storyboard */; };
		B45FAB721AA3605D00652AA6 /* Images.xcassets in Resources */ = {isa = PBXBuildFile; fileRef = B45FAB711AA3605D00652AA6 /* Images.xcassets */; };
		B45FAB751AA3605D00652AA6 /* LaunchScreen.xib in Resources */ = {isa = PBXBuildFile; fileRef = B45FAB731AA3605D00652AA6 /* LaunchScreen.xib */; };
		B45FAB811AA3605D00652AA6 /* FileExplorerTests.m in Sources */ = {isa = PBXBuildFile; fileRef = B45FAB801AA3605D00652AA6 /* FileExplorerTests.m */; };
		B4B0C21C1AACFCD800C93AAE /* Security.framework in Frameworks */ = {isa = PBXBuildFile; fileRef = B4B0C21B1AACFCD800C93AAE /* Security.framework */; };
		B4B0C21E1AACFCDF00C93AAE /* UIKit.framework in Frameworks */ = {isa = PBXBuildFile; fileRef = B4B0C21D1AACFCDF00C93AAE /* UIKit.framework */; };
		B4B0C2201AACFCE900C93AAE /* Foundation.framework in Frameworks */ = {isa = PBXBuildFile; fileRef = B4B0C21F1AACFCE900C93AAE /* Foundation.framework */; };
		B4B0C2221AACFCF200C93AAE /* CoreGraphics.framework in Frameworks */ = {isa = PBXBuildFile; fileRef = B4B0C2211AACFCF200C93AAE /* CoreGraphics.framework */; };
/* End PBXBuildFile section */

/* Begin PBXBuildRule section */
		B4A8281A1AA385D500C90DA9 /* PBXBuildRule */ = {
			isa = PBXBuildRule;
			compilerSpec = com.apple.compilers.proxy.script;
			fileType = sourcecode.java;
			isEditable = 1;
			outputFiles = (
				"${DERIVED_FILES_DIR}/${INPUT_FILE_BASE}.h",
				"${DERIVED_FILES_DIR}/${INPUT_FILE_BASE}.m",
			);
			script = "if [ ! -f \"${J2OBJC_HOME}/j2objc\" ]; then echo \"J2OBJC_HOME not correctly defined in Settings.xcconfig, currently set to '${J2OBJC_HOME}'\"; exit 1; fi;\n\"${J2OBJC_HOME}/j2objc\" -d ${DERIVED_FILES_DIR} -sourcepath \"${PROJECT_DIR}/../file-explorer_android/app/src/main/java\" --no-package-directories -use-arc --prefix engine=Engine -g ${INPUT_FILE_PATH};";
		};
/* End PBXBuildRule section */

/* Begin PBXContainerItemProxy section */
		B45FAB7B1AA3605D00652AA6 /* PBXContainerItemProxy */ = {
			isa = PBXContainerItemProxy;
			containerPortal = B45FAB561AA3605D00652AA6 /* Project object */;
			proxyType = 1;
			remoteGlobalIDString = B45FAB5D1AA3605D00652AA6;
			remoteInfo = FileExplorer;
		};
/* End PBXContainerItemProxy section */

/* Begin PBXFileReference section */
		B41617F21AB3921F005E680A /* libicucore.dylib */ = {isa = PBXFileReference; lastKnownFileType = "compiled.mach-o.dylib"; name = libicucore.dylib; path = usr/lib/libicucore.dylib; sourceTree = SDKROOT; };
		B41617F41AB39226005E680A /* libz.dylib */ = {isa = PBXFileReference; lastKnownFileType = "compiled.mach-o.dylib"; name = libz.dylib; path = usr/lib/libz.dylib; sourceTree = SDKROOT; };
		B416180A1AB39695005E680A /* FileFilter.java */ = {isa = PBXFileReference; fileEncoding = 4; lastKnownFileType = sourcecode.java; path = FileFilter.java; sourceTree = "<group>"; };
		B416180B1AB39695005E680A /* FileLoaderCallbacks.java */ = {isa = PBXFileReference; fileEncoding = 4; lastKnownFileType = sourcecode.java; path = FileLoaderCallbacks.java; sourceTree = "<group>"; };
		B416180C1AB39695005E680A /* FileSystem.java */ = {isa = PBXFileReference; fileEncoding = 4; lastKnownFileType = sourcecode.java; path = FileSystem.java; sourceTree = "<group>"; };
		B416180D1AB39695005E680A /* FileSystemUtils.java */ = {isa = PBXFileReference; fileEncoding = 4; lastKnownFileType = sourcecode.java; path = FileSystemUtils.java; sourceTree = "<group>"; };
		B416180E1AB39695005E680A /* Java2ObjcExampleClass.java */ = {isa = PBXFileReference; fileEncoding = 4; lastKnownFileType = sourcecode.java; path = Java2ObjcExampleClass.java; sourceTree = "<group>"; };
		B416180F1AB39695005E680A /* LocalFile.java */ = {isa = PBXFileReference; fileEncoding = 4; lastKnownFileType = sourcecode.java; path = LocalFile.java; sourceTree = "<group>"; };
		B41618101AB39695005E680A /* LocalFolder.java */ = {isa = PBXFileReference; fileEncoding = 4; lastKnownFileType = sourcecode.java; path = LocalFolder.java; sourceTree = "<group>"; };
		B41618111AB39695005E680A /* Thumbnail.java */ = {isa = PBXFileReference; fileEncoding = 4; lastKnownFileType = sourcecode.java; path = Thumbnail.java; sourceTree = "<group>"; };
		B430CEC81AB48026005EF159 /* j2objc-generated */ = {isa = PBXFileReference; lastKnownFileType = folder; path = "j2objc-generated"; sourceTree = "<group>"; };
		B45FAB5E1AA3605D00652AA6 /* FileExplorer.app */ = {isa = PBXFileReference; explicitFileType = wrapper.application; includeInIndex = 0; path = FileExplorer.app; sourceTree = BUILT_PRODUCTS_DIR; };
		B45FAB621AA3605D00652AA6 /* Info.plist */ = {isa = PBXFileReference; lastKnownFileType = text.plist.xml; path = Info.plist; sourceTree = "<group>"; };
		B45FAB631AA3605D00652AA6 /* main.m */ = {isa = PBXFileReference; lastKnownFileType = sourcecode.c.objc; path = main.m; sourceTree = "<group>"; };
		B45FAB651AA3605D00652AA6 /* AppDelegate.h */ = {isa = PBXFileReference; lastKnownFileType = sourcecode.c.h; path = AppDelegate.h; sourceTree = "<group>"; };
		B45FAB661AA3605D00652AA6 /* AppDelegate.m */ = {isa = PBXFileReference; lastKnownFileType = sourcecode.c.objc; path = AppDelegate.m; sourceTree = "<group>"; };
		B45FAB681AA3605D00652AA6 /* MasterViewController.h */ = {isa = PBXFileReference; lastKnownFileType = sourcecode.c.h; path = MasterViewController.h; sourceTree = "<group>"; };
		B45FAB691AA3605D00652AA6 /* MasterViewController.m */ = {isa = PBXFileReference; lastKnownFileType = sourcecode.c.objc; path = MasterViewController.m; sourceTree = "<group>"; };
		B45FAB6B1AA3605D00652AA6 /* DetailViewController.h */ = {isa = PBXFileReference; lastKnownFileType = sourcecode.c.h; path = DetailViewController.h; sourceTree = "<group>"; };
		B45FAB6C1AA3605D00652AA6 /* DetailViewController.m */ = {isa = PBXFileReference; lastKnownFileType = sourcecode.c.objc; path = DetailViewController.m; sourceTree = "<group>"; };
		B45FAB6F1AA3605D00652AA6 /* Base */ = {isa = PBXFileReference; lastKnownFileType = file.storyboard; name = Base; path = Base.lproj/Main.storyboard; sourceTree = "<group>"; };
		B45FAB711AA3605D00652AA6 /* Images.xcassets */ = {isa = PBXFileReference; lastKnownFileType = folder.assetcatalog; path = Images.xcassets; sourceTree = "<group>"; };
		B45FAB741AA3605D00652AA6 /* Base */ = {isa = PBXFileReference; lastKnownFileType = file.xib; name = Base; path = Base.lproj/LaunchScreen.xib; sourceTree = "<group>"; };
		B45FAB7A1AA3605D00652AA6 /* FileExplorerTests.xctest */ = {isa = PBXFileReference; explicitFileType = wrapper.cfbundle; includeInIndex = 0; path = FileExplorerTests.xctest; sourceTree = BUILT_PRODUCTS_DIR; };
		B45FAB7F1AA3605D00652AA6 /* Info.plist */ = {isa = PBXFileReference; lastKnownFileType = text.plist.xml; path = Info.plist; sourceTree = "<group>"; };
		B45FAB801AA3605D00652AA6 /* FileExplorerTests.m */ = {isa = PBXFileReference; lastKnownFileType = sourcecode.c.objc; path = FileExplorerTests.m; sourceTree = "<group>"; };
		B4A828161AA3832400C90DA9 /* Settings.xcconfig */ = {isa = PBXFileReference; lastKnownFileType = text.xcconfig; path = Settings.xcconfig; sourceTree = "<group>"; };
		B4B0C21B1AACFCD800C93AAE /* Security.framework */ = {isa = PBXFileReference; lastKnownFileType = wrapper.framework; name = Security.framework; path = System/Library/Frameworks/Security.framework; sourceTree = SDKROOT; };
		B4B0C21D1AACFCDF00C93AAE /* UIKit.framework */ = {isa = PBXFileReference; lastKnownFileType = wrapper.framework; name = UIKit.framework; path = System/Library/Frameworks/UIKit.framework; sourceTree = SDKROOT; };
		B4B0C21F1AACFCE900C93AAE /* Foundation.framework */ = {isa = PBXFileReference; lastKnownFileType = wrapper.framework; name = Foundation.framework; path = System/Library/Frameworks/Foundation.framework; sourceTree = SDKROOT; };
		B4B0C2211AACFCF200C93AAE /* CoreGraphics.framework */ = {isa = PBXFileReference; lastKnownFileType = wrapper.framework; name = CoreGraphics.framework; path = System/Library/Frameworks/CoreGraphics.framework; sourceTree = SDKROOT; };
/* End PBXFileReference section */

/* Begin PBXFrameworksBuildPhase section */
		B45FAB5B1AA3605D00652AA6 /* Frameworks */ = {
			isa = PBXFrameworksBuildPhase;
			buildActionMask = 2147483647;
			files = (
				B41617F51AB39226005E680A /* libz.dylib in Frameworks */,
				B41617F31AB3921F005E680A /* libicucore.dylib in Frameworks */,
				B4B0C2221AACFCF200C93AAE /* CoreGraphics.framework in Frameworks */,
				B4B0C2201AACFCE900C93AAE /* Foundation.framework in Frameworks */,
				B4B0C21E1AACFCDF00C93AAE /* UIKit.framework in Frameworks */,
				B4B0C21C1AACFCD800C93AAE /* Security.framework in Frameworks */,
			);
			runOnlyForDeploymentPostprocessing = 0;
		};
		B45FAB771AA3605D00652AA6 /* Frameworks */ = {
			isa = PBXFrameworksBuildPhase;
			buildActionMask = 2147483647;
			files = (
			);
			runOnlyForDeploymentPostprocessing = 0;
		};
/* End PBXFrameworksBuildPhase section */

/* Begin PBXGroup section */
		B41618091AB39695005E680A /* engine */ = {
			isa = PBXGroup;
			children = (
				B416180A1AB39695005E680A /* FileFilter.java */,
				B416180B1AB39695005E680A /* FileLoaderCallbacks.java */,
				B416180C1AB39695005E680A /* FileSystem.java */,
				B416180D1AB39695005E680A /* FileSystemUtils.java */,
				B416180E1AB39695005E680A /* Java2ObjcExampleClass.java */,
				B416180F1AB39695005E680A /* LocalFile.java */,
				B41618101AB39695005E680A /* LocalFolder.java */,
				B41618111AB39695005E680A /* Thumbnail.java */,
			);
			name = engine;
			path = "../../file-explorer_android/app/src/main/java/engine";
			sourceTree = "<group>";
		};
		B45FAB551AA3605D00652AA6 = {
			isa = PBXGroup;
			children = (
				B41617F41AB39226005E680A /* libz.dylib */,
				B41617F21AB3921F005E680A /* libicucore.dylib */,
				B4B0C2211AACFCF200C93AAE /* CoreGraphics.framework */,
				B4B0C21F1AACFCE900C93AAE /* Foundation.framework */,
				B4B0C21D1AACFCDF00C93AAE /* UIKit.framework */,
				B4B0C21B1AACFCD800C93AAE /* Security.framework */,
				B4A828161AA3832400C90DA9 /* Settings.xcconfig */,
				B45FAB601AA3605D00652AA6 /* FileExplorer */,
				B45FAB7D1AA3605D00652AA6 /* FileExplorerTests */,
				B45FAB5F1AA3605D00652AA6 /* Products */,
			);
			sourceTree = "<group>";
		};
		B45FAB5F1AA3605D00652AA6 /* Products */ = {
			isa = PBXGroup;
			children = (
				B45FAB5E1AA3605D00652AA6 /* FileExplorer.app */,
				B45FAB7A1AA3605D00652AA6 /* FileExplorerTests.xctest */,
			);
			name = Products;
			sourceTree = "<group>";
		};
		B45FAB601AA3605D00652AA6 /* FileExplorer */ = {
			isa = PBXGroup;
			children = (
				B430CEC81AB48026005EF159 /* j2objc-generated */,
				B41618091AB39695005E680A /* engine */,
				B45FAB651AA3605D00652AA6 /* AppDelegate.h */,
				B45FAB661AA3605D00652AA6 /* AppDelegate.m */,
				B45FAB681AA3605D00652AA6 /* MasterViewController.h */,
				B45FAB691AA3605D00652AA6 /* MasterViewController.m */,
				B45FAB6B1AA3605D00652AA6 /* DetailViewController.h */,
				B45FAB6C1AA3605D00652AA6 /* DetailViewController.m */,
				B45FAB6E1AA3605D00652AA6 /* Main.storyboard */,
				B45FAB711AA3605D00652AA6 /* Images.xcassets */,
				B45FAB731AA3605D00652AA6 /* LaunchScreen.xib */,
				B45FAB611AA3605D00652AA6 /* Supporting Files */,
			);
			path = FileExplorer;
			sourceTree = "<group>";
		};
		B45FAB611AA3605D00652AA6 /* Supporting Files */ = {
			isa = PBXGroup;
			children = (
				B45FAB621AA3605D00652AA6 /* Info.plist */,
				B45FAB631AA3605D00652AA6 /* main.m */,
			);
			name = "Supporting Files";
			sourceTree = "<group>";
		};
		B45FAB7D1AA3605D00652AA6 /* FileExplorerTests */ = {
			isa = PBXGroup;
			children = (
				B45FAB801AA3605D00652AA6 /* FileExplorerTests.m */,
				B45FAB7E1AA3605D00652AA6 /* Supporting Files */,
			);
			path = FileExplorerTests;
			sourceTree = "<group>";
		};
		B45FAB7E1AA3605D00652AA6 /* Supporting Files */ = {
			isa = PBXGroup;
			children = (
				B45FAB7F1AA3605D00652AA6 /* Info.plist */,
			);
			name = "Supporting Files";
			sourceTree = "<group>";
		};
/* End PBXGroup section */

/* Begin PBXNativeTarget section */
		B45FAB5D1AA3605D00652AA6 /* FileExplorer */ = {
			isa = PBXNativeTarget;
			buildConfigurationList = B45FAB841AA3605D00652AA6 /* Build configuration list for PBXNativeTarget "FileExplorer" */;
			buildPhases = (
				B45FAB5A1AA3605D00652AA6 /* Sources */,
				B45FAB5B1AA3605D00652AA6 /* Frameworks */,
				B45FAB5C1AA3605D00652AA6 /* Resources */,
			);
			buildRules = (
				B4A8281A1AA385D500C90DA9 /* PBXBuildRule */,
			);
			dependencies = (
			);
			name = FileExplorer;
			productName = FileExplorer;
			productReference = B45FAB5E1AA3605D00652AA6 /* FileExplorer.app */;
			productType = "com.apple.product-type.application";
		};
		B45FAB791AA3605D00652AA6 /* FileExplorerTests */ = {
			isa = PBXNativeTarget;
			buildConfigurationList = B45FAB871AA3605D00652AA6 /* Build configuration list for PBXNativeTarget "FileExplorerTests" */;
			buildPhases = (
				B45FAB761AA3605D00652AA6 /* Sources */,
				B45FAB771AA3605D00652AA6 /* Frameworks */,
				B45FAB781AA3605D00652AA6 /* Resources */,
			);
			buildRules = (
			);
			dependencies = (
				B45FAB7C1AA3605D00652AA6 /* PBXTargetDependency */,
			);
			name = FileExplorerTests;
			productName = FileExplorerTests;
			productReference = B45FAB7A1AA3605D00652AA6 /* FileExplorerTests.xctest */;
			productType = "com.apple.product-type.bundle.unit-test";
		};
/* End PBXNativeTarget section */

/* Begin PBXProject section */
		B45FAB561AA3605D00652AA6 /* Project object */ = {
			isa = PBXProject;
			attributes = {
				CLASSPREFIX = FED;
				LastUpgradeCheck = 0610;
				ORGANIZATIONNAME = "Dmitry Malkovich";
				TargetAttributes = {
					B45FAB5D1AA3605D00652AA6 = {
						CreatedOnToolsVersion = 6.1.1;
					};
					B45FAB791AA3605D00652AA6 = {
						CreatedOnToolsVersion = 6.1.1;
						TestTargetID = B45FAB5D1AA3605D00652AA6;
					};
				};
			};
			buildConfigurationList = B45FAB591AA3605D00652AA6 /* Build configuration list for PBXProject "FileExplorer" */;
			compatibilityVersion = "Xcode 3.2";
			developmentRegion = English;
			hasScannedForEncodings = 0;
			knownRegions = (
				en,
				Base,
			);
			mainGroup = B45FAB551AA3605D00652AA6;
			productRefGroup = B45FAB5F1AA3605D00652AA6 /* Products */;
			projectDirPath = "";
			projectRoot = "";
			targets = (
				B45FAB5D1AA3605D00652AA6 /* FileExplorer */,
				B45FAB791AA3605D00652AA6 /* FileExplorerTests */,
			);
		};
/* End PBXProject section */

/* Begin PBXResourcesBuildPhase section */
		B45FAB5C1AA3605D00652AA6 /* Resources */ = {
			isa = PBXResourcesBuildPhase;
			buildActionMask = 2147483647;
			files = (
				B45FAB701AA3605D00652AA6 /* Main.storyboard in Resources */,
				B45FAB751AA3605D00652AA6 /* LaunchScreen.xib in Resources */,
				B430CEC91AB48026005EF159 /* j2objc-generated in Resources */,
				B45FAB721AA3605D00652AA6 /* Images.xcassets in Resources */,
			);
			runOnlyForDeploymentPostprocessing = 0;
		};
		B45FAB781AA3605D00652AA6 /* Resources */ = {
			isa = PBXResourcesBuildPhase;
			buildActionMask = 2147483647;
			files = (
			);
			runOnlyForDeploymentPostprocessing = 0;
		};
/* End PBXResourcesBuildPhase section */

/* Begin PBXSourcesBuildPhase section */
		B45FAB5A1AA3605D00652AA6 /* Sources */ = {
			isa = PBXSourcesBuildPhase;
			buildActionMask = 2147483647;
			files = (
				B45FAB671AA3605D00652AA6 /* AppDelegate.m in Sources */,
				B41618131AB39695005E680A /* FileLoaderCallbacks.java in Sources */,
				B41618151AB39695005E680A /* FileSystemUtils.java in Sources */,
				B45FAB6A1AA3605D00652AA6 /* MasterViewController.m in Sources */,
				B41618121AB39695005E680A /* FileFilter.java in Sources */,
				B41618161AB39695005E680A /* Java2ObjcExampleClass.java in Sources */,
				B41618191AB39695005E680A /* Thumbnail.java in Sources */,
				B41618141AB39695005E680A /* FileSystem.java in Sources */,
				B45FAB641AA3605D00652AA6 /* main.m in Sources */,
				B45FAB6D1AA3605D00652AA6 /* DetailViewController.m in Sources */,
				B41618171AB39695005E680A /* LocalFile.java in Sources */,
				B41618181AB39695005E680A /* LocalFolder.java in Sources */,
			);
			runOnlyForDeploymentPostprocessing = 0;
		};
		B45FAB761AA3605D00652AA6 /* Sources */ = {
			isa = PBXSourcesBuildPhase;
			buildActionMask = 2147483647;
			files = (
				B45FAB811AA3605D00652AA6 /* FileExplorerTests.m in Sources */,
			);
			runOnlyForDeploymentPostprocessing = 0;
		};
/* End PBXSourcesBuildPhase section */

/* Begin PBXTargetDependency section */
		B45FAB7C1AA3605D00652AA6 /* PBXTargetDependency */ = {
			isa = PBXTargetDependency;
			target = B45FAB5D1AA3605D00652AA6 /* FileExplorer */;
			targetProxy = B45FAB7B1AA3605D00652AA6 /* PBXContainerItemProxy */;
		};
/* End PBXTargetDependency section */

/* Begin PBXVariantGroup section */
		B45FAB6E1AA3605D00652AA6 /* Main.storyboard */ = {
			isa = PBXVariantGroup;
			children = (
				B45FAB6F1AA3605D00652AA6 /* Base */,
			);
			name = Main.storyboard;
			sourceTree = "<group>";
		};
		B45FAB731AA3605D00652AA6 /* LaunchScreen.xib */ = {
			isa = PBXVariantGroup;
			children = (
				B45FAB741AA3605D00652AA6 /* Base */,
			);
			name = LaunchScreen.xib;
			sourceTree = "<group>";
		};
/* End PBXVariantGroup section */

/* Begin XCBuildConfiguration section */
		B45FAB821AA3605D00652AA6 /* Debug */ = {
			isa = XCBuildConfiguration;
			baseConfigurationReference = B4A828161AA3832400C90DA9 /* Settings.xcconfig */;
			buildSettings = {
				ALWAYS_SEARCH_USER_PATHS = NO;
				CLANG_CXX_LANGUAGE_STANDARD = "gnu++0x";
				CLANG_CXX_LIBRARY = "libc++";
				CLANG_ENABLE_MODULES = YES;
				CLANG_ENABLE_OBJC_ARC = YES;
				CLANG_WARN_BOOL_CONVERSION = YES;
				CLANG_WARN_CONSTANT_CONVERSION = YES;
				CLANG_WARN_DIRECT_OBJC_ISA_USAGE = YES_ERROR;
				CLANG_WARN_EMPTY_BODY = YES;
				CLANG_WARN_ENUM_CONVERSION = YES;
				CLANG_WARN_INT_CONVERSION = YES;
				CLANG_WARN_OBJC_ROOT_CLASS = YES_ERROR;
				CLANG_WARN_UNREACHABLE_CODE = YES;
				CLANG_WARN__DUPLICATE_METHOD_MATCH = YES;
				"CODE_SIGN_IDENTITY[sdk=iphoneos*]" = "iPhone Developer";
				COPY_PHASE_STRIP = NO;
				ENABLE_STRICT_OBJC_MSGSEND = YES;
				GCC_C_LANGUAGE_STANDARD = gnu99;
				GCC_DYNAMIC_NO_PIC = NO;
				GCC_OPTIMIZATION_LEVEL = 0;
				GCC_PREPROCESSOR_DEFINITIONS = (
					"DEBUG=1",
					"$(inherited)",
				);
				GCC_SYMBOLS_PRIVATE_EXTERN = NO;
				GCC_WARN_64_TO_32_BIT_CONVERSION = YES;
				GCC_WARN_ABOUT_RETURN_TYPE = YES_ERROR;
				GCC_WARN_UNDECLARED_SELECTOR = YES;
				GCC_WARN_UNINITIALIZED_AUTOS = YES_AGGRESSIVE;
				GCC_WARN_UNUSED_FUNCTION = YES;
				GCC_WARN_UNUSED_VARIABLE = YES;
				IPHONEOS_DEPLOYMENT_TARGET = 8.1;
				MTL_ENABLE_DEBUG_INFO = YES;
				ONLY_ACTIVE_ARCH = YES;
				SDKROOT = iphoneos;
				TARGETED_DEVICE_FAMILY = "1,2";
			};
			name = Debug;
		};
		B45FAB831AA3605D00652AA6 /* Release */ = {
			isa = XCBuildConfiguration;
			baseConfigurationReference = B4A828161AA3832400C90DA9 /* Settings.xcconfig */;
			buildSettings = {
				ALWAYS_SEARCH_USER_PATHS = NO;
				CLANG_CXX_LANGUAGE_STANDARD = "gnu++0x";
				CLANG_CXX_LIBRARY = "libc++";
				CLANG_ENABLE_MODULES = YES;
				CLANG_ENABLE_OBJC_ARC = YES;
				CLANG_WARN_BOOL_CONVERSION = YES;
				CLANG_WARN_CONSTANT_CONVERSION = YES;
				CLANG_WARN_DIRECT_OBJC_ISA_USAGE = YES_ERROR;
				CLANG_WARN_EMPTY_BODY = YES;
				CLANG_WARN_ENUM_CONVERSION = YES;
				CLANG_WARN_INT_CONVERSION = YES;
				CLANG_WARN_OBJC_ROOT_CLASS = YES_ERROR;
				CLANG_WARN_UNREACHABLE_CODE = YES;
				CLANG_WARN__DUPLICATE_METHOD_MATCH = YES;
				"CODE_SIGN_IDENTITY[sdk=iphoneos*]" = "iPhone Developer";
				COPY_PHASE_STRIP = YES;
				ENABLE_NS_ASSERTIONS = NO;
				ENABLE_STRICT_OBJC_MSGSEND = YES;
				GCC_C_LANGUAGE_STANDARD = gnu99;
				GCC_WARN_64_TO_32_BIT_CONVERSION = YES;
				GCC_WARN_ABOUT_RETURN_TYPE = YES_ERROR;
				GCC_WARN_UNDECLARED_SELECTOR = YES;
				GCC_WARN_UNINITIALIZED_AUTOS = YES_AGGRESSIVE;
				GCC_WARN_UNUSED_FUNCTION = YES;
				GCC_WARN_UNUSED_VARIABLE = YES;
				IPHONEOS_DEPLOYMENT_TARGET = 8.1;
				MTL_ENABLE_DEBUG_INFO = NO;
				SDKROOT = iphoneos;
				TARGETED_DEVICE_FAMILY = "1,2";
				VALIDATE_PRODUCT = YES;
			};
			name = Release;
		};
		B45FAB851AA3605D00652AA6 /* Debug */ = {
			isa = XCBuildConfiguration;
			buildSettings = {
				ALWAYS_SEARCH_USER_PATHS = YES;
				ASSETCATALOG_COMPILER_APPICON_NAME = AppIcon;
				HEADER_SEARCH_PATHS = (
					"$(inherited)",
					/Applications/Xcode.app/Contents/Developer/Toolchains/XcodeDefault.xctoolchain/usr/include,
					"\"${J2OBJC_HOME}/include\"",
					"\"${DERIVED_FILES_DIR}\"",
				);
				INFOPLIST_FILE = FileExplorer/Info.plist;
				LD_RUNPATH_SEARCH_PATHS = "$(inherited) @executable_path/Frameworks";
				LIBRARY_SEARCH_PATHS = "\"${J2OBJC_HOME}/lib\"";
				OTHER_LDFLAGS = (
					"$(inherited)",
					"-l\"z\"",
					"-l\"jre_emul\"",
					"-l\"icucore\"",
				);
				PRODUCT_NAME = "$(TARGET_NAME)";
			};
			name = Debug;
		};
		B45FAB861AA3605D00652AA6 /* Release */ = {
			isa = XCBuildConfiguration;
			buildSettings = {
				ALWAYS_SEARCH_USER_PATHS = YES;
				ASSETCATALOG_COMPILER_APPICON_NAME = AppIcon;
				HEADER_SEARCH_PATHS = (
					"$(inherited)",
					/Applications/Xcode.app/Contents/Developer/Toolchains/XcodeDefault.xctoolchain/usr/include,
					"\"${J2OBJC_HOME}/include\"",
					"\"${DERIVED_FILES_DIR}\"",
				);
				INFOPLIST_FILE = FileExplorer/Info.plist;
				LD_RUNPATH_SEARCH_PATHS = "$(inherited) @executable_path/Frameworks";
				LIBRARY_SEARCH_PATHS = "\"${J2OBJC_HOME}/lib\"";
				OTHER_LDFLAGS = (
					"$(inherited)",
					"-l\"z\"",
					"-l\"jre_emul\"",
					"-l\"icucore\"",
				);
				PRODUCT_NAME = "$(TARGET_NAME)";
			};
			name = Release;
		};
		B45FAB881AA3605D00652AA6 /* Debug */ = {
			isa = XCBuildConfiguration;
			buildSettings = {
				BUNDLE_LOADER = "$(TEST_HOST)";
				FRAMEWORK_SEARCH_PATHS = (
					"$(SDKROOT)/Developer/Library/Frameworks",
					"$(inherited)",
				);
				GCC_PREPROCESSOR_DEFINITIONS = (
					"DEBUG=1",
					"$(inherited)",
				);
				INFOPLIST_FILE = FileExplorerTests/Info.plist;
				LD_RUNPATH_SEARCH_PATHS = "$(inherited) @executable_path/Frameworks @loader_path/Frameworks";
				PRODUCT_NAME = "$(TARGET_NAME)";
				TEST_HOST = "$(BUILT_PRODUCTS_DIR)/FileExplorer.app/FileExplorer";
			};
			name = Debug;
		};
		B45FAB891AA3605D00652AA6 /* Release */ = {
			isa = XCBuildConfiguration;
			buildSettings = {
				BUNDLE_LOADER = "$(TEST_HOST)";
				FRAMEWORK_SEARCH_PATHS = (
					"$(SDKROOT)/Developer/Library/Frameworks",
					"$(inherited)",
				);
				INFOPLIST_FILE = FileExplorerTests/Info.plist;
				LD_RUNPATH_SEARCH_PATHS = "$(inherited) @executable_path/Frameworks @loader_path/Frameworks";
				PRODUCT_NAME = "$(TARGET_NAME)";
				TEST_HOST = "$(BUILT_PRODUCTS_DIR)/FileExplorer.app/FileExplorer";
			};
			name = Release;
		};
/* End XCBuildConfiguration section */

/* Begin XCConfigurationList section */
		B45FAB591AA3605D00652AA6 /* Build configuration list for PBXProject "FileExplorer" */ = {
			isa = XCConfigurationList;
			buildConfigurations = (
				B45FAB821AA3605D00652AA6 /* Debug */,
				B45FAB831AA3605D00652AA6 /* Release */,
			);
			defaultConfigurationIsVisible = 0;
			defaultConfigurationName = Release;
		};
		B45FAB841AA3605D00652AA6 /* Build configuration list for PBXNativeTarget "FileExplorer" */ = {
			isa = XCConfigurationList;
			buildConfigurations = (
				B45FAB851AA3605D00652AA6 /* Debug */,
				B45FAB861AA3605D00652AA6 /* Release */,
			);
			defaultConfigurationIsVisible = 0;
			defaultConfigurationName = Release;
		};
		B45FAB871AA3605D00652AA6 /* Build configuration list for PBXNativeTarget "FileExplorerTests" */ = {
			isa = XCConfigurationList;
			buildConfigurations = (
				B45FAB881AA3605D00652AA6 /* Debug */,
				B45FAB891AA3605D00652AA6 /* Release */,
			);
			defaultConfigurationIsVisible = 0;
			defaultConfigurationName = Release;
		};
/* End XCConfigurationList section */
	};
	rootObject = B45FAB561AA3605D00652AA6 /* Project object */;
}
